Microsoft Visual Studio Solution File, Format Version 11.00
# Visual Studio 2008

Project("{01367614-F137-2960-88E8-DF479AF693D7}") = "DoomRPG", "Assembly-CSharp.csproj", "{1B87A7F1-BF0B-0C3D-F5AD-152B6F94704B}"
EndProject
Global
	GlobalSection(SolutionConfigurationPlatforms) = preSolution
		Debug|Any CPU = Debug|Any CPU
		Release|Any CPU = Release|Any CPU
	EndGlobalSection
	GlobalSection(ProjectConfigurationPlatforms) = postSolution
		{1B87A7F1-BF0B-0C3D-F5AD-152B6F94704B}.Debug|Any CPU.ActiveCfg = Debug|Any CPU
		{1B87A7F1-BF0B-0C3D-F5AD-152B6F94704B}.Debug|Any CPU.Build.0 = Debug|Any CPU
		{1B87A7F1-BF0B-0C3D-F5AD-152B6F94704B}.Release|Any CPU.ActiveCfg = Release|Any CPU
		{1B87A7F1-BF0B-0C3D-F5AD-152B6F94704B}.Release|Any CPU.Build.0 = Release|Any CPU
	EndGlobalSection
	GlobalSection(SolutionProperties) = preSolution
		HideSolutionNode = FALSE
	EndGlobalSection
	GlobalSection(MonoDevelopProperties) = preSolution
		StartupItem = Assembly-CSharp.csproj
	EndGlobalSection
EndGlobal
